
Microsoft Visual Studio Solution File, Format Version 12.00
# Visual Studio 15
Project("{FAE04EC0-301F-11D3-BF4B-00C04F79EFBC}") = "Assembly-CSharp", "Assembly-CSharp.csproj", "{A38F83B5-AD6C-A0D9-A473-E86917552821}"
EndProject
Project("{FAE04EC0-301F-11D3-BF4B-00C04F79EFBC}") = "Assembly-CSharp-Editor", "Assembly-CSharp-Editor.csproj", "{50355F8A-359E-702B-6F3B-3543F0531C98}"
EndProject
Global
	GlobalSection(SolutionConfigurationPlatforms) = preSolution
		Debug|Any CPU = Debug|Any CPU
		Release|Any CPU = Release|Any CPU
	EndGlobalSection
	GlobalSection(ProjectConfigurationPlatforms) = postSolution
		{A38F83B5-AD6C-A0D9-A473-E86917552821}.Debug|Any CPU.ActiveCfg = Debug|Any CPU
		{A38F83B5-AD6C-A0D9-A473-E86917552821}.Debug|Any CPU.Build.0 = Debug|Any CPU
		{A38F83B5-AD6C-A0D9-A473-E86917552821}.Release|Any CPU.ActiveCfg = Release|Any CPU
		{A38F83B5-AD6C-A0D9-A473-E86917552821}.Release|Any CPU.Build.0 = Release|Any CPU
		{50355F8A-359E-702B-6F3B-3543F0531C98}.Debug|Any CPU.ActiveCfg = Debug|Any CPU
		{50355F8A-359E-702B-6F3B-3543F0531C98}.Debug|Any CPU.Build.0 = Debug|Any CPU
		{50355F8A-359E-702B-6F3B-3543F0531C98}.Release|Any CPU.ActiveCfg = Release|Any CPU
		{50355F8A-359E-702B-6F3B-3543F0531C98}.Release|Any CPU.Build.0 = Release|Any CPU
	EndGlobalSection
	GlobalSection(SolutionProperties) = preSolution
		HideSolutionNode = FALSE
	EndGlobalSection
EndGlobal
